
Microsoft Visual Studio Solution File, Format Version 12.00
# Visual Studio Version 17
VisualStudioVersion = 17.14.36414.22
MinimumVisualStudioVersion = 10.0.40219.1
Project("{FAE04EC0-301F-11D3-BF4B-00C04F79EFBC}") = "Fluid.API", "Fluid.API\Fluid.API.csproj", "{7E46F9C5-0AC1-49B4-AD19-FDB0506A314C}"
EndProject
Project("{FAE04EC0-301F-11D3-BF4B-00C04F79EFBC}") = "Fluid.Entities", "Fluid.Entities\Fluid.Entities.csproj", "{AEE0A4E8-B99D-4B74-ACD3-50A61B40F48F}"
EndProject
Project("{FAE04EC0-301F-11D3-BF4B-00C04F79EFBC}") = "SharedKernel", "SharedKernel\SharedKernel.csproj", "{E68FA0BA-F0A4-F704-5156-C748B031AB9D}"
EndProject
Global
	GlobalSection(SolutionConfigurationPlatforms) = preSolution
		Debug|Any CPU = Debug|Any CPU
		Release|Any CPU = Release|Any CPU
	EndGlobalSection
	GlobalSection(ProjectConfigurationPlatforms) = postSolution
		{7E46F9C5-0AC1-49B4-AD19-FDB0506A314C}.Debug|Any CPU.ActiveCfg = Debug|Any CPU
		{7E46F9C5-0AC1-49B4-AD19-FDB0506A314C}.Debug|Any CPU.Build.0 = Debug|Any CPU
		{7E46F9C5-0AC1-49B4-AD19-FDB0506A314C}.Release|Any CPU.ActiveCfg = Release|Any CPU
		{7E46F9C5-0AC1-49B4-AD19-FDB0506A314C}.Release|Any CPU.Build.0 = Release|Any CPU
		{AEE0A4E8-B99D-4B74-ACD3-50A61B40F48F}.Debug|Any CPU.ActiveCfg = Debug|Any CPU
		{AEE0A4E8-B99D-4B74-ACD3-50A61B40F48F}.Debug|Any CPU.Build.0 = Debug|Any CPU
		{AEE0A4E8-B99D-4B74-ACD3-50A61B40F48F}.Release|Any CPU.ActiveCfg = Release|Any CPU
		{AEE0A4E8-B99D-4B74-ACD3-50A61B40F48F}.Release|Any CPU.Build.0 = Release|Any CPU
		{E68FA0BA-F0A4-F704-5156-C748B031AB9D}.Debug|Any CPU.ActiveCfg = Debug|Any CPU
		{E68FA0BA-F0A4-F704-5156-C748B031AB9D}.Debug|Any CPU.Build.0 = Debug|Any CPU
		{E68FA0BA-F0A4-F704-5156-C748B031AB9D}.Release|Any CPU.ActiveCfg = Release|Any CPU
		{E68FA0BA-F0A4-F704-5156-C748B031AB9D}.Release|Any CPU.Build.0 = Release|Any CPU
	EndGlobalSection
	GlobalSection(SolutionProperties) = preSolution
		HideSolutionNode = FALSE
	EndGlobalSection
	GlobalSection(ExtensibilityGlobals) = postSolution
		SolutionGuid = {FB0B71E9-CCD2-42D0-BE64-69C2A43EE8C8}
	EndGlobalSection
EndGlobal
